
Microsoft Visual Studio Solution File, Format Version 12.00
# Visual Studio Version 16
VisualStudioVersion = 25.0.1703.0
MinimumVisualStudioVersion = 10.0.40219.1
Project("{FAE04EC0-301F-11D3-BF4B-00C04F79EFBC}") = "demo", "demo\demo.csproj", "{7DF9816A-26A1-46ED-AAE4-E5F8EC38E9F9}"
EndProject
Global
	GlobalSection(SolutionConfigurationPlatforms) = preSolution
		Debug|Any CPU = Debug|Any CPU
		Release|Any CPU = Release|Any CPU
	EndGlobalSection
	GlobalSection(ProjectConfigurationPlatforms) = postSolution
		{7DF9816A-26A1-46ED-AAE4-E5F8EC38E9F9}.Debug|Any CPU.ActiveCfg = Debug|Any CPU
		{7DF9816A-26A1-46ED-AAE4-E5F8EC38E9F9}.Debug|Any CPU.Build.0 = Debug|Any CPU
		{7DF9816A-26A1-46ED-AAE4-E5F8EC38E9F9}.Release|Any CPU.ActiveCfg = Release|Any CPU
		{7DF9816A-26A1-46ED-AAE4-E5F8EC38E9F9}.Release|Any CPU.Build.0 = Release|Any CPU
	EndGlobalSection
	GlobalSection(SolutionProperties) = preSolution
		HideSolutionNode = FALSE
	EndGlobalSection
	GlobalSection(ExtensibilityGlobals) = postSolution
		SolutionGuid = {3F69492B-0CB0-470C-8F45-0BF17CB3C41E}
	EndGlobalSection
EndGlobal
